
Microsoft Visual Studio Solution File, Format Version 12.00
# Visual Studio Version 17
VisualStudioVersion = 17.10.34707.107
MinimumVisualStudioVersion = 10.0.40219.1
Project("{FAE04EC0-301F-11D3-BF4B-00C04F79EFBC}") = "WpfAppCrucipuzzle", "WpfAppCrucipuzzle\WpfAppCrucipuzzle.csproj", "{04FD516B-079D-49AC-9480-B68E06A912CF}"
EndProject
Global
	GlobalSection(SolutionConfigurationPlatforms) = preSolution
		Debug|Any CPU = Debug|Any CPU
		Release|Any CPU = Release|Any CPU
	EndGlobalSection
	GlobalSection(ProjectConfigurationPlatforms) = postSolution
		{04FD516B-079D-49AC-9480-B68E06A912CF}.Debug|Any CPU.ActiveCfg = Debug|Any CPU
		{04FD516B-079D-49AC-9480-B68E06A912CF}.Debug|Any CPU.Build.0 = Debug|Any CPU
		{04FD516B-079D-49AC-9480-B68E06A912CF}.Release|Any CPU.ActiveCfg = Release|Any CPU
		{04FD516B-079D-49AC-9480-B68E06A912CF}.Release|Any CPU.Build.0 = Release|Any CPU
	EndGlobalSection
	GlobalSection(SolutionProperties) = preSolution
		HideSolutionNode = FALSE
	EndGlobalSection
	GlobalSection(ExtensibilityGlobals) = postSolution
		SolutionGuid = {47B13942-D4E4-4FC0-83D4-B836C726C54A}
	EndGlobalSection
EndGlobal
