
Microsoft Visual Studio Solution File, Format Version 12.00
# Visual Studio Version 17
VisualStudioVersion = 17.8.34112.27
MinimumVisualStudioVersion = 10.0.40219.1
Project("{FAE04EC0-301F-11D3-BF4B-00C04F79EFBC}") = "ConsoleAppTombola", "ConsoleAppTombola\ConsoleAppTombola.csproj", "{F9455617-3CCC-4AF8-8AA5-D3BA0663862A}"
EndProject
Global
	GlobalSection(SolutionConfigurationPlatforms) = preSolution
		Debug|Any CPU = Debug|Any CPU
		Release|Any CPU = Release|Any CPU
	EndGlobalSection
	GlobalSection(ProjectConfigurationPlatforms) = postSolution
		{F9455617-3CCC-4AF8-8AA5-D3BA0663862A}.Debug|Any CPU.ActiveCfg = Debug|Any CPU
		{F9455617-3CCC-4AF8-8AA5-D3BA0663862A}.Debug|Any CPU.Build.0 = Debug|Any CPU
		{F9455617-3CCC-4AF8-8AA5-D3BA0663862A}.Release|Any CPU.ActiveCfg = Release|Any CPU
		{F9455617-3CCC-4AF8-8AA5-D3BA0663862A}.Release|Any CPU.Build.0 = Release|Any CPU
	EndGlobalSection
	GlobalSection(SolutionProperties) = preSolution
		HideSolutionNode = FALSE
	EndGlobalSection
	GlobalSection(ExtensibilityGlobals) = postSolution
		SolutionGuid = {8B53369D-26AB-4A53-9739-2CA1ACC02FA8}
	EndGlobalSection
EndGlobal
