
Microsoft Visual Studio Solution File, Format Version 12.00
# Visual Studio Version 17
VisualStudioVersion = 17.8.34112.27
MinimumVisualStudioVersion = 10.0.40219.1
Project("{FAE04EC0-301F-11D3-BF4B-00C04F79EFBC}") = "ConsoleAppTypeCheck", "ConsoleAppTypeCheck\ConsoleAppTypeCheck.csproj", "{BBA4E775-B4D3-4D76-9FE0-422059B4ECBE}"
EndProject
Global
	GlobalSection(SolutionConfigurationPlatforms) = preSolution
		Debug|Any CPU = Debug|Any CPU
		Release|Any CPU = Release|Any CPU
	EndGlobalSection
	GlobalSection(ProjectConfigurationPlatforms) = postSolution
		{BBA4E775-B4D3-4D76-9FE0-422059B4ECBE}.Debug|Any CPU.ActiveCfg = Debug|Any CPU
		{BBA4E775-B4D3-4D76-9FE0-422059B4ECBE}.Debug|Any CPU.Build.0 = Debug|Any CPU
		{BBA4E775-B4D3-4D76-9FE0-422059B4ECBE}.Release|Any CPU.ActiveCfg = Release|Any CPU
		{BBA4E775-B4D3-4D76-9FE0-422059B4ECBE}.Release|Any CPU.Build.0 = Release|Any CPU
	EndGlobalSection
	GlobalSection(SolutionProperties) = preSolution
		HideSolutionNode = FALSE
	EndGlobalSection
	GlobalSection(ExtensibilityGlobals) = postSolution
		SolutionGuid = {71A67D7C-A07D-4951-9BC5-4DB8599A267C}
	EndGlobalSection
EndGlobal
