
Microsoft Visual Studio Solution File, Format Version 12.00
# Visual Studio Version 17
VisualStudioVersion = 17.8.34112.27
MinimumVisualStudioVersion = 10.0.40219.1
Project("{FAE04EC0-301F-11D3-BF4B-00C04F79EFBC}") = "ConsoleAppVotiMatrici", "ConsoleAppVotiMatrici\ConsoleAppVotiMatrici.csproj", "{B9CCDB03-262B-4557-A03B-BF08F88A1BBF}"
EndProject
Global
	GlobalSection(SolutionConfigurationPlatforms) = preSolution
		Debug|Any CPU = Debug|Any CPU
		Release|Any CPU = Release|Any CPU
	EndGlobalSection
	GlobalSection(ProjectConfigurationPlatforms) = postSolution
		{B9CCDB03-262B-4557-A03B-BF08F88A1BBF}.Debug|Any CPU.ActiveCfg = Debug|Any CPU
		{B9CCDB03-262B-4557-A03B-BF08F88A1BBF}.Debug|Any CPU.Build.0 = Debug|Any CPU
		{B9CCDB03-262B-4557-A03B-BF08F88A1BBF}.Release|Any CPU.ActiveCfg = Release|Any CPU
		{B9CCDB03-262B-4557-A03B-BF08F88A1BBF}.Release|Any CPU.Build.0 = Release|Any CPU
	EndGlobalSection
	GlobalSection(SolutionProperties) = preSolution
		HideSolutionNode = FALSE
	EndGlobalSection
	GlobalSection(ExtensibilityGlobals) = postSolution
		SolutionGuid = {4E21C765-2D8E-4A02-B624-A3CEEC382FDD}
	EndGlobalSection
EndGlobal
