
Microsoft Visual Studio Solution File, Format Version 12.00
# Visual Studio Version 17
VisualStudioVersion = 17.10.34707.107
MinimumVisualStudioVersion = 10.0.40219.1
Project("{FAE04EC0-301F-11D3-BF4B-00C04F79EFBC}") = "ConsoleAppConversionePersonalizzata", "ConsoleAppConversionePersonalizzata\ConsoleAppConversionePersonalizzata.csproj", "{2C16F1DA-E417-483D-BA7B-DE02EE044FED}"
EndProject
Global
	GlobalSection(SolutionConfigurationPlatforms) = preSolution
		Debug|Any CPU = Debug|Any CPU
		Release|Any CPU = Release|Any CPU
	EndGlobalSection
	GlobalSection(ProjectConfigurationPlatforms) = postSolution
		{2C16F1DA-E417-483D-BA7B-DE02EE044FED}.Debug|Any CPU.ActiveCfg = Debug|Any CPU
		{2C16F1DA-E417-483D-BA7B-DE02EE044FED}.Debug|Any CPU.Build.0 = Debug|Any CPU
		{2C16F1DA-E417-483D-BA7B-DE02EE044FED}.Release|Any CPU.ActiveCfg = Release|Any CPU
		{2C16F1DA-E417-483D-BA7B-DE02EE044FED}.Release|Any CPU.Build.0 = Release|Any CPU
	EndGlobalSection
	GlobalSection(SolutionProperties) = preSolution
		HideSolutionNode = FALSE
	EndGlobalSection
	GlobalSection(ExtensibilityGlobals) = postSolution
		SolutionGuid = {BA532B80-02BE-44DB-8533-96530BFACCCE}
	EndGlobalSection
EndGlobal
