
Microsoft Visual Studio Solution File, Format Version 12.00
# Visual Studio Version 17
VisualStudioVersion = 17.8.34112.27
MinimumVisualStudioVersion = 10.0.40219.1
Project("{FAE04EC0-301F-11D3-BF4B-00C04F79EFBC}") = "ConsoleAppPreVerificaVettori", "ConsoleAppPreVerificaVettori\ConsoleAppPreVerificaVettori.csproj", "{F394FA57-5899-471A-B15B-F443C42A48FD}"
EndProject
Global
	GlobalSection(SolutionConfigurationPlatforms) = preSolution
		Debug|Any CPU = Debug|Any CPU
		Release|Any CPU = Release|Any CPU
	EndGlobalSection
	GlobalSection(ProjectConfigurationPlatforms) = postSolution
		{F394FA57-5899-471A-B15B-F443C42A48FD}.Debug|Any CPU.ActiveCfg = Debug|Any CPU
		{F394FA57-5899-471A-B15B-F443C42A48FD}.Debug|Any CPU.Build.0 = Debug|Any CPU
		{F394FA57-5899-471A-B15B-F443C42A48FD}.Release|Any CPU.ActiveCfg = Release|Any CPU
		{F394FA57-5899-471A-B15B-F443C42A48FD}.Release|Any CPU.Build.0 = Release|Any CPU
	EndGlobalSection
	GlobalSection(SolutionProperties) = preSolution
		HideSolutionNode = FALSE
	EndGlobalSection
	GlobalSection(ExtensibilityGlobals) = postSolution
		SolutionGuid = {95DF25F3-C015-4102-8E47-B9723FB8A93E}
	EndGlobalSection
EndGlobal
