
Microsoft Visual Studio Solution File, Format Version 12.00
# Visual Studio Version 17
VisualStudioVersion = 17.10.35027.167
MinimumVisualStudioVersion = 10.0.40219.1
Project("{FAE04EC0-301F-11D3-BF4B-00C04F79EFBC}") = "ConsoleAppBanca", "ConsoleAppBanca\ConsoleAppBanca.csproj", "{B470B864-3BAF-4F52-A954-F7D64A8244E4}"
EndProject
Global
	GlobalSection(SolutionConfigurationPlatforms) = preSolution
		Debug|Any CPU = Debug|Any CPU
		Release|Any CPU = Release|Any CPU
	EndGlobalSection
	GlobalSection(ProjectConfigurationPlatforms) = postSolution
		{B470B864-3BAF-4F52-A954-F7D64A8244E4}.Debug|Any CPU.ActiveCfg = Debug|Any CPU
		{B470B864-3BAF-4F52-A954-F7D64A8244E4}.Debug|Any CPU.Build.0 = Debug|Any CPU
		{B470B864-3BAF-4F52-A954-F7D64A8244E4}.Release|Any CPU.ActiveCfg = Release|Any CPU
		{B470B864-3BAF-4F52-A954-F7D64A8244E4}.Release|Any CPU.Build.0 = Release|Any CPU
	EndGlobalSection
	GlobalSection(SolutionProperties) = preSolution
		HideSolutionNode = FALSE
	EndGlobalSection
	GlobalSection(ExtensibilityGlobals) = postSolution
		SolutionGuid = {1A589BF8-CCD3-46C6-86A4-543510B96FCE}
	EndGlobalSection
EndGlobal
