
Microsoft Visual Studio Solution File, Format Version 12.00
# Visual Studio Version 17
VisualStudioVersion = 17.10.35027.167
MinimumVisualStudioVersion = 10.0.40219.1
Project("{FAE04EC0-301F-11D3-BF4B-00C04F79EFBC}") = "ConsoleAppThreadCorsa", "ConsoleAppThreadCorsa\ConsoleAppThreadCorsa.csproj", "{EE2BE2D1-B973-45D0-814E-812A5FC5C9BD}"
EndProject
Global
	GlobalSection(SolutionConfigurationPlatforms) = preSolution
		Debug|Any CPU = Debug|Any CPU
		Release|Any CPU = Release|Any CPU
	EndGlobalSection
	GlobalSection(ProjectConfigurationPlatforms) = postSolution
		{EE2BE2D1-B973-45D0-814E-812A5FC5C9BD}.Debug|Any CPU.ActiveCfg = Debug|Any CPU
		{EE2BE2D1-B973-45D0-814E-812A5FC5C9BD}.Debug|Any CPU.Build.0 = Debug|Any CPU
		{EE2BE2D1-B973-45D0-814E-812A5FC5C9BD}.Release|Any CPU.ActiveCfg = Release|Any CPU
		{EE2BE2D1-B973-45D0-814E-812A5FC5C9BD}.Release|Any CPU.Build.0 = Release|Any CPU
	EndGlobalSection
	GlobalSection(SolutionProperties) = preSolution
		HideSolutionNode = FALSE
	EndGlobalSection
	GlobalSection(ExtensibilityGlobals) = postSolution
		SolutionGuid = {02B72CAB-15A9-45D5-8D39-869C758F6D5B}
	EndGlobalSection
EndGlobal
